
Microsoft Visual Studio Solution File, Format Version 12.00
# Visual Studio 2012
Project("{FAE04EC0-301F-11D3-BF4B-00C04F79EFBC}") = "QTEXPENSE", "QTCT_3\QTEXPENSE.csproj", "{B2FADCB7-5484-48CD-AC96-D828FA8882E8}"
EndProject
Project("{FAE04EC0-301F-11D3-BF4B-00C04F79EFBC}") = "WY.Common", "WY.Common\WY.Common.csproj", "{9D5C392E-80B1-4589-B25F-7F15424C4B11}"
EndProject
Project("{FAE04EC0-301F-11D3-BF4B-00C04F79EFBC}") = "WY.Library", "WY.Library\WY.Library.csproj", "{A57C11FA-87E0-4359-A4CB-B08AC268D811}"
EndProject
Project("{FAE04EC0-301F-11D3-BF4B-00C04F79EFBC}") = "QTCT.Salary", "QTCT.Salary\QTCT.Salary.csproj", "{06481F6F-F177-4B20-B59C-53CE32E832B8}"
EndProject
Global
	GlobalSection(SolutionConfigurationPlatforms) = preSolution
		CD_ROM|Any CPU = CD_ROM|Any CPU
		Debug|Any CPU = Debug|Any CPU
		DVD-5|Any CPU = DVD-5|Any CPU
		Release|Any CPU = Release|Any CPU
		SingleImage|Any CPU = SingleImage|Any CPU
	EndGlobalSection
	GlobalSection(ProjectConfigurationPlatforms) = postSolution
		{B2FADCB7-5484-48CD-AC96-D828FA8882E8}.CD_ROM|Any CPU.ActiveCfg = Release|Any CPU
		{B2FADCB7-5484-48CD-AC96-D828FA8882E8}.CD_ROM|Any CPU.Build.0 = Release|Any CPU
		{B2FADCB7-5484-48CD-AC96-D828FA8882E8}.Debug|Any CPU.ActiveCfg = Debug|Any CPU
		{B2FADCB7-5484-48CD-AC96-D828FA8882E8}.Debug|Any CPU.Build.0 = Debug|Any CPU
		{B2FADCB7-5484-48CD-AC96-D828FA8882E8}.DVD-5|Any CPU.ActiveCfg = Debug|Any CPU
		{B2FADCB7-5484-48CD-AC96-D828FA8882E8}.DVD-5|Any CPU.Build.0 = Debug|Any CPU
		{B2FADCB7-5484-48CD-AC96-D828FA8882E8}.Release|Any CPU.ActiveCfg = Release|Any CPU
		{B2FADCB7-5484-48CD-AC96-D828FA8882E8}.Release|Any CPU.Build.0 = Release|Any CPU
		{B2FADCB7-5484-48CD-AC96-D828FA8882E8}.SingleImage|Any CPU.ActiveCfg = Release|Any CPU
		{B2FADCB7-5484-48CD-AC96-D828FA8882E8}.SingleImage|Any CPU.Build.0 = Release|Any CPU
		{9D5C392E-80B1-4589-B25F-7F15424C4B11}.CD_ROM|Any CPU.ActiveCfg = Release|Any CPU
		{9D5C392E-80B1-4589-B25F-7F15424C4B11}.CD_ROM|Any CPU.Build.0 = Release|Any CPU
		{9D5C392E-80B1-4589-B25F-7F15424C4B11}.Debug|Any CPU.ActiveCfg = Debug|Any CPU
		{9D5C392E-80B1-4589-B25F-7F15424C4B11}.Debug|Any CPU.Build.0 = Debug|Any CPU
		{9D5C392E-80B1-4589-B25F-7F15424C4B11}.DVD-5|Any CPU.ActiveCfg = Debug|Any CPU
		{9D5C392E-80B1-4589-B25F-7F15424C4B11}.DVD-5|Any CPU.Build.0 = Debug|Any CPU
		{9D5C392E-80B1-4589-B25F-7F15424C4B11}.Release|Any CPU.ActiveCfg = Release|Any CPU
		{9D5C392E-80B1-4589-B25F-7F15424C4B11}.Release|Any CPU.Build.0 = Release|Any CPU
		{9D5C392E-80B1-4589-B25F-7F15424C4B11}.SingleImage|Any CPU.ActiveCfg = Release|Any CPU
		{9D5C392E-80B1-4589-B25F-7F15424C4B11}.SingleImage|Any CPU.Build.0 = Release|Any CPU
		{A57C11FA-87E0-4359-A4CB-B08AC268D811}.CD_ROM|Any CPU.ActiveCfg = Release|Any CPU
		{A57C11FA-87E0-4359-A4CB-B08AC268D811}.CD_ROM|Any CPU.Build.0 = Release|Any CPU
		{A57C11FA-87E0-4359-A4CB-B08AC268D811}.Debug|Any CPU.ActiveCfg = Debug|Any CPU
		{A57C11FA-87E0-4359-A4CB-B08AC268D811}.Debug|Any CPU.Build.0 = Debug|Any CPU
		{A57C11FA-87E0-4359-A4CB-B08AC268D811}.DVD-5|Any CPU.ActiveCfg = Debug|Any CPU
		{A57C11FA-87E0-4359-A4CB-B08AC268D811}.DVD-5|Any CPU.Build.0 = Debug|Any CPU
		{A57C11FA-87E0-4359-A4CB-B08AC268D811}.Release|Any CPU.ActiveCfg = Release|Any CPU
		{A57C11FA-87E0-4359-A4CB-B08AC268D811}.Release|Any CPU.Build.0 = Release|Any CPU
		{A57C11FA-87E0-4359-A4CB-B08AC268D811}.SingleImage|Any CPU.ActiveCfg = Release|Any CPU
		{A57C11FA-87E0-4359-A4CB-B08AC268D811}.SingleImage|Any CPU.Build.0 = Release|Any CPU
		{06481F6F-F177-4B20-B59C-53CE32E832B8}.CD_ROM|Any CPU.ActiveCfg = Release|Any CPU
		{06481F6F-F177-4B20-B59C-53CE32E832B8}.CD_ROM|Any CPU.Build.0 = Release|Any CPU
		{06481F6F-F177-4B20-B59C-53CE32E832B8}.Debug|Any CPU.ActiveCfg = Debug|Any CPU
		{06481F6F-F177-4B20-B59C-53CE32E832B8}.Debug|Any CPU.Build.0 = Debug|Any CPU
		{06481F6F-F177-4B20-B59C-53CE32E832B8}.DVD-5|Any CPU.ActiveCfg = Debug|Any CPU
		{06481F6F-F177-4B20-B59C-53CE32E832B8}.DVD-5|Any CPU.Build.0 = Debug|Any CPU
		{06481F6F-F177-4B20-B59C-53CE32E832B8}.Release|Any CPU.ActiveCfg = Release|Any CPU
		{06481F6F-F177-4B20-B59C-53CE32E832B8}.Release|Any CPU.Build.0 = Release|Any CPU
		{06481F6F-F177-4B20-B59C-53CE32E832B8}.SingleImage|Any CPU.ActiveCfg = Release|Any CPU
		{06481F6F-F177-4B20-B59C-53CE32E832B8}.SingleImage|Any CPU.Build.0 = Release|Any CPU
	EndGlobalSection
	GlobalSection(SolutionProperties) = preSolution
		HideSolutionNode = FALSE
	EndGlobalSection
EndGlobal
